
Microsoft Visual Studio Solution File, Format Version 12.00
# Visual Studio Version 16
VisualStudioVersion = 16.0.29503.13
MinimumVisualStudioVersion = 10.0.40219.1
Project("{FAE04EC0-301F-11D3-BF4B-00C04F79EFBC}") = "ShowOnTime", "ShowOnTime\ShowOnTime.csproj", "{160A27AF-D867-4CFD-9666-D268D57FEAEA}"
EndProject
Global
	GlobalSection(SolutionConfigurationPlatforms) = preSolution
		Debug|Any CPU = Debug|Any CPU
		Release|Any CPU = Release|Any CPU
	EndGlobalSection
	GlobalSection(ProjectConfigurationPlatforms) = postSolution
		{160A27AF-D867-4CFD-9666-D268D57FEAEA}.Debug|Any CPU.ActiveCfg = Debug|Any CPU
		{160A27AF-D867-4CFD-9666-D268D57FEAEA}.Debug|Any CPU.Build.0 = Debug|Any CPU
		{160A27AF-D867-4CFD-9666-D268D57FEAEA}.Release|Any CPU.ActiveCfg = Release|Any CPU
		{160A27AF-D867-4CFD-9666-D268D57FEAEA}.Release|Any CPU.Build.0 = Release|Any CPU
	EndGlobalSection
	GlobalSection(SolutionProperties) = preSolution
		HideSolutionNode = FALSE
	EndGlobalSection
	GlobalSection(ExtensibilityGlobals) = postSolution
		SolutionGuid = {B5667372-6487-4835-B1AD-B7C7CB6B9C2A}
	EndGlobalSection
EndGlobal
